
Microsoft Visual Studio Solution File, Format Version 12.00
# Visual Studio Version 17
VisualStudioVersion = 17.12.35506.116
MinimumVisualStudioVersion = 10.0.40219.1
Project("{FAE04EC0-301F-11D3-BF4B-00C04F79EFBC}") = "ECommerceWebsite", "ECommerceWebsite.csproj", "{F094D89C-158D-41D0-9AE7-C8D3AA982D8A}"
EndProject
Project("{FAE04EC0-301F-11D3-BF4B-00C04F79EFBC}") = "ECommerceWebsite.Models", "..\ECommerceWebsite.Models\ECommerceWebsite.Models.csproj", "{3C658EBF-98B2-4C56-8B3A-692E832903EF}"
EndProject
Project("{FAE04EC0-301F-11D3-BF4B-00C04F79EFBC}") = "ECommerceWebiste.DataAccessLayer", "..\ECommerceWebiste.DataAccessLayer\ECommerceWebiste.DataAccessLayer.csproj", "{C0CED19E-154F-4083-80DF-0566382036CA}"
EndProject
Global
	GlobalSection(SolutionConfigurationPlatforms) = preSolution
		Debug|Any CPU = Debug|Any CPU
		Release|Any CPU = Release|Any CPU
	EndGlobalSection
	GlobalSection(ProjectConfigurationPlatforms) = postSolution
		{F094D89C-158D-41D0-9AE7-C8D3AA982D8A}.Debug|Any CPU.ActiveCfg = Debug|Any CPU
		{F094D89C-158D-41D0-9AE7-C8D3AA982D8A}.Debug|Any CPU.Build.0 = Debug|Any CPU
		{F094D89C-158D-41D0-9AE7-C8D3AA982D8A}.Release|Any CPU.ActiveCfg = Release|Any CPU
		{F094D89C-158D-41D0-9AE7-C8D3AA982D8A}.Release|Any CPU.Build.0 = Release|Any CPU
		{3C658EBF-98B2-4C56-8B3A-692E832903EF}.Debug|Any CPU.ActiveCfg = Debug|Any CPU
		{3C658EBF-98B2-4C56-8B3A-692E832903EF}.Debug|Any CPU.Build.0 = Debug|Any CPU
		{3C658EBF-98B2-4C56-8B3A-692E832903EF}.Release|Any CPU.ActiveCfg = Release|Any CPU
		{3C658EBF-98B2-4C56-8B3A-692E832903EF}.Release|Any CPU.Build.0 = Release|Any CPU
		{C0CED19E-154F-4083-80DF-0566382036CA}.Debug|Any CPU.ActiveCfg = Debug|Any CPU
		{C0CED19E-154F-4083-80DF-0566382036CA}.Debug|Any CPU.Build.0 = Debug|Any CPU
		{C0CED19E-154F-4083-80DF-0566382036CA}.Release|Any CPU.ActiveCfg = Release|Any CPU
		{C0CED19E-154F-4083-80DF-0566382036CA}.Release|Any CPU.Build.0 = Release|Any CPU
	EndGlobalSection
	GlobalSection(SolutionProperties) = preSolution
		HideSolutionNode = FALSE
	EndGlobalSection
	GlobalSection(ExtensibilityGlobals) = postSolution
		SolutionGuid = {64CF93CE-8B69-4281-B792-A7665343DC4A}
	EndGlobalSection
EndGlobal
